
Microsoft Visual Studio Solution File, Format Version 12.00
# Visual Studio Version 17
VisualStudioVersion = 17.14.36327.8 d17.14
MinimumVisualStudioVersion = 10.0.40219.1
Project("{FAE04EC0-301F-11D3-BF4B-00C04F79EFBC}") = "MoustafaLab1Q3", "MoustafaLab1Q3\MoustafaLab1Q3.csproj", "{8B704F97-29B0-478C-BCE8-37AF19E47803}"
EndProject
Global
	GlobalSection(SolutionConfigurationPlatforms) = preSolution
		Debug|Any CPU = Debug|Any CPU
		Release|Any CPU = Release|Any CPU
	EndGlobalSection
	GlobalSection(ProjectConfigurationPlatforms) = postSolution
		{8B704F97-29B0-478C-BCE8-37AF19E47803}.Debug|Any CPU.ActiveCfg = Debug|Any CPU
		{8B704F97-29B0-478C-BCE8-37AF19E47803}.Debug|Any CPU.Build.0 = Debug|Any CPU
		{8B704F97-29B0-478C-BCE8-37AF19E47803}.Release|Any CPU.ActiveCfg = Release|Any CPU
		{8B704F97-29B0-478C-BCE8-37AF19E47803}.Release|Any CPU.Build.0 = Release|Any CPU
	EndGlobalSection
	GlobalSection(SolutionProperties) = preSolution
		HideSolutionNode = FALSE
	EndGlobalSection
	GlobalSection(ExtensibilityGlobals) = postSolution
		SolutionGuid = {9F2D8EB0-6A08-4004-AC0B-84D8977BC8EE}
	EndGlobalSection
EndGlobal
